{
  "object": {
    "pins": [
      {
        "package": "Kingfisher",
        "repositoryURL": "https://github.com/onevcat/Kingfisher.git",
        "state": {
          "branch": null,
          "revision": "2a10bf41da75599a9f8e872dbd44fe0155a2e00c",
          "version": "5.15.8"
        }
      },
      {
        "package": "RealityUI",
        "repositoryURL": "https://github.com/maxxfrazer/RealityUI.git",
        "state": {
          "branch": null,
          "revision": "3d713a93b1d2618229e6f98f68179cca2f8623a3",
          "version": "1.0.2"
        }
      }
    ]
  },
  "version": 1
}
